# This file is automatically @generated by Cargo.
# It is not intended for manual editing.
version = 3

[[package]]
name = "addr2line"
version = "0.21.0"
source = "registry+https://github.com/rust-lang/crates.io-index"
checksum = "8a30b2e23b9e17a9f90641c7ab1549cd9b44f296d3ccbf309d2863cfe398a0cb"
dependencies = [
 "gimli",
]

[[package]]
name = "adler"
version = "1.0.2"
source = "registry+https://github.com/rust-lang/crates.io-index"
checksum = "f26201604c87b1e01bd3d98f8d5d9a8fcbb815e8cedb41ffccbeb4bf593a35fe"

[[package]]
name = "ahash"
version = "0.8.3"
source = "registry+https://github.com/rust-lang/crates.io-index"
checksum = "2c99f64d1e06488f620f932677e24bc6e2897582980441ae90a671415bd7ec2f"
dependencies = [
 "cfg-if",
 "once_cell",
 "version_check",
]

[[package]]
name = "aho-corasick"
version = "1.0.5"
source = "registry+https://github.com/rust-lang/crates.io-index"
checksum = "0c378d78423fdad8089616f827526ee33c19f2fddbd5de1629152c9593ba4783"
dependencies = [
 "memchr",
]

[[package]]
name = "allocator-api2"
version = "0.2.16"
source = "registry+https://github.com/rust-lang/crates.io-index"
checksum = "0942ffc6dcaadf03badf6e6a2d0228460359d5e34b57ccdc720b7382dfbd5ec5"

[[package]]
name = "async-stream"
version = "0.3.5"
source = "registry+https://github.com/rust-lang/crates.io-index"
checksum = "cd56dd203fef61ac097dd65721a419ddccb106b2d2b70ba60a6b529f03961a51"
dependencies = [
 "async-stream-impl",
 "futures-core",
 "pin-project-lite",
]

[[package]]
name = "async-stream-impl"
version = "0.3.5"
source = "registry+https://github.com/rust-lang/crates.io-index"
checksum = "16e62a023e7c117e27523144c5d2459f4397fcc3cab0085af8e2224f643a0193"
dependencies = [
 "proc-macro2",
 "quote",
 "syn 2.0.31",
]

[[package]]
name = "async-trait"
version = "0.1.73"
source = "registry+https://github.com/rust-lang/crates.io-index"
checksum = "bc00ceb34980c03614e35a3a4e218276a0a824e911d07651cd0d858a51e8c0f0"
dependencies = [
 "proc-macro2",
 "quote",
 "syn 2.0.31",
]

[[package]]
name = "autocfg"
version = "1.1.0"
source = "registry+https://github.com/rust-lang/crates.io-index"
checksum = "d468802bab17cbc0cc575e9b053f41e72aa36bfa6b7f55e3529ffa43161b97fa"

[[package]]
name = "aws_lambda_events"
version = "0.7.3"
source = "registry+https://github.com/rust-lang/crates.io-index"
checksum = "d376097ccf49a2699d554558267b2735f62ce94ee1840a9f73253ad7c26fbaa7"
dependencies = [
 "base64 0.13.1",
 "bytes",
 "chrono",
 "http",
 "http-body",
 "http-serde",
 "query_map",
 "serde",
 "serde_derive",
 "serde_json",
]

[[package]]
name = "backtrace"
version = "0.3.69"
source = "registry+https://github.com/rust-lang/crates.io-index"
checksum = "2089b7e3f35b9dd2d0ed921ead4f6d318c27680d4a5bd167b3ee120edb105837"
dependencies = [
 "addr2line",
 "cc",
 "cfg-if",
 "libc",
 "miniz_oxide",
 "object",
 "rustc-demangle",
]

[[package]]
name = "base64"
version = "0.13.1"
source = "registry+https://github.com/rust-lang/crates.io-index"
checksum = "9e1b586273c5702936fe7b7d6896644d8be71e6314cfe09d3167c95f712589e8"

[[package]]
name = "base64"
version = "0.21.3"
source = "registry+https://github.com/rust-lang/crates.io-index"
checksum = "414dcefbc63d77c526a76b3afcf6fbb9b5e2791c19c3aa2297733208750c6e53"

[[package]]
name = "bitflags"
version = "2.4.0"
source = "registry+https://github.com/rust-lang/crates.io-index"
checksum = "b4682ae6287fcf752ecaabbfcc7b6f9b72aa33933dc23a554d853aea8eea8635"

[[package]]
name = "bytes"
version = "1.4.0"
source = "registry+https://github.com/rust-lang/crates.io-index"
checksum = "89b2fd2a0dcf38d7971e2194b6b6eebab45ae01067456a7fd93d5547a61b70be"
dependencies = [
 "serde",
]

[[package]]
name = "cc"
version = "1.0.83"
source = "registry+https://github.com/rust-lang/crates.io-index"
checksum = "f1174fb0b6ec23863f8b971027804a42614e347eafb0a95bf0b12cdae21fc4d0"
dependencies = [
 "libc",
]

[[package]]
name = "cfg-if"
version = "1.0.0"
source = "registry+https://github.com/rust-lang/crates.io-index"
checksum = "baf1de4339761588bc0619e3cbc0120ee582ebb74b53b4efbf79117bd2da40fd"

[[package]]
name = "chrono"
version = "0.4.29"
source = "registry+https://github.com/rust-lang/crates.io-index"
checksum = "d87d9d13be47a5b7c3907137f1290b0459a7f80efb26be8c52afb11963bccb02"
dependencies = [
 "num-traits",
 "serde",
]

[[package]]
name = "encoding_rs"
version = "0.8.33"
source = "registry+https://github.com/rust-lang/crates.io-index"
checksum = "7268b386296a025e474d5140678f75d6de9493ae55a5d709eeb9dd08149945e1"
dependencies = [
 "cfg-if",
]

[[package]]
name = "fallible-iterator"
version = "0.2.0"
source = "registry+https://github.com/rust-lang/crates.io-index"
checksum = "4443176a9f2c162692bd3d352d745ef9413eec5782a80d8fd6f8a1ac692a07f7"

[[package]]
name = "fallible-streaming-iterator"
version = "0.1.9"
source = "registry+https://github.com/rust-lang/crates.io-index"
checksum = "7360491ce676a36bf9bb3c56c1aa791658183a54d2744120f27285738d90465a"

[[package]]
name = "fnv"
version = "1.0.7"
source = "registry+https://github.com/rust-lang/crates.io-index"
checksum = "3f9eec918d3f24069decb9af1554cad7c880e2da24a9afd88aca000531ab82c1"

[[package]]
name = "form_urlencoded"
version = "1.2.0"
source = "registry+https://github.com/rust-lang/crates.io-index"
checksum = "a62bc1cf6f830c2ec14a513a9fb124d0a213a629668a4186f329db21fe045652"
dependencies = [
 "percent-encoding",
]

[[package]]
name = "futures"
version = "0.3.28"
source = "registry+https://github.com/rust-lang/crates.io-index"
checksum = "23342abe12aba583913b2e62f22225ff9c950774065e4bfb61a19cd9770fec40"
dependencies = [
 "futures-channel",
 "futures-core",
 "futures-executor",
 "futures-io",
 "futures-sink",
 "futures-task",
 "futures-util",
]

[[package]]
name = "futures-channel"
version = "0.3.28"
source = "registry+https://github.com/rust-lang/crates.io-index"
checksum = "955518d47e09b25bbebc7a18df10b81f0c766eaf4c4f1cccef2fca5f2a4fb5f2"
dependencies = [
 "futures-core",
 "futures-sink",
]

[[package]]
name = "futures-core"
version = "0.3.28"
source = "registry+https://github.com/rust-lang/crates.io-index"
checksum = "4bca583b7e26f571124fe5b7561d49cb2868d79116cfa0eefce955557c6fee8c"

[[package]]
name = "futures-executor"
version = "0.3.28"
source = "registry+https://github.com/rust-lang/crates.io-index"
checksum = "ccecee823288125bd88b4d7f565c9e58e41858e47ab72e8ea2d64e93624386e0"
dependencies = [
 "futures-core",
 "futures-task",
 "futures-util",
]

[[package]]
name = "futures-io"
version = "0.3.28"
source = "registry+https://github.com/rust-lang/crates.io-index"
checksum = "4fff74096e71ed47f8e023204cfd0aa1289cd54ae5430a9523be060cdb849964"

[[package]]
name = "futures-macro"
version = "0.3.28"
source = "registry+https://github.com/rust-lang/crates.io-index"
checksum = "89ca545a94061b6365f2c7355b4b32bd20df3ff95f02da9329b34ccc3bd6ee72"
dependencies = [
 "proc-macro2",
 "quote",
 "syn 2.0.31",
]

[[package]]
name = "futures-sink"
version = "0.3.28"
source = "registry+https://github.com/rust-lang/crates.io-index"
checksum = "f43be4fe21a13b9781a69afa4985b0f6ee0e1afab2c6f454a8cf30e2b2237b6e"

[[package]]
name = "futures-task"
version = "0.3.28"
source = "registry+https://github.com/rust-lang/crates.io-index"
checksum = "76d3d132be6c0e6aa1534069c705a74a5997a356c0dc2f86a47765e5617c5b65"

[[package]]
name = "futures-util"
version = "0.3.28"
source = "registry+https://github.com/rust-lang/crates.io-index"
checksum = "26b01e40b772d54cf6c6d721c1d1abd0647a0106a12ecaa1c186273392a69533"
dependencies = [
 "futures-channel",
 "futures-core",
 "futures-io",
 "futures-macro",
 "futures-sink",
 "futures-task",
 "memchr",
 "pin-project-lite",
 "pin-utils",
 "slab",
]

[[package]]
name = "gimli"
version = "0.28.0"
source = "registry+https://github.com/rust-lang/crates.io-index"
checksum = "6fb8d784f27acf97159b40fc4db5ecd8aa23b9ad5ef69cdd136d3bc80665f0c0"

[[package]]
name = "glob"
version = "0.3.1"
source = "registry+https://github.com/rust-lang/crates.io-index"
checksum = "d2fabcfbdc87f4758337ca535fb41a6d701b65693ce38287d856d1674551ec9b"

[[package]]
name = "hashbrown"
version = "0.14.0"
source = "registry+https://github.com/rust-lang/crates.io-index"
checksum = "2c6201b9ff9fd90a5a3bac2e56a830d0caa509576f0e503818ee82c181b3437a"
dependencies = [
 "ahash",
 "allocator-api2",
]

[[package]]
name = "hashlink"
version = "0.8.4"
source = "registry+https://github.com/rust-lang/crates.io-index"
checksum = "e8094feaf31ff591f651a2664fb9cfd92bba7a60ce3197265e9482ebe753c8f7"
dependencies = [
 "hashbrown",
]

[[package]]
name = "heck"
version = "0.4.1"
source = "registry+https://github.com/rust-lang/crates.io-index"
checksum = "95505c38b4572b2d910cecb0281560f54b440a19336cbbcb27bf6ce6adc6f5a8"

[[package]]
name = "hermit-abi"
version = "0.3.2"
source = "registry+https://github.com/rust-lang/crates.io-index"
checksum = "443144c8cdadd93ebf52ddb4056d257f5b52c04d3c804e657d19eb73fc33668b"

[[package]]
name = "http"
version = "0.2.9"
source = "registry+https://github.com/rust-lang/crates.io-index"
checksum = "bd6effc99afb63425aff9b05836f029929e345a6148a14b7ecd5ab67af944482"
dependencies = [
 "bytes",
 "fnv",
 "itoa",
]

[[package]]
name = "http-body"
version = "0.4.5"
source = "registry+https://github.com/rust-lang/crates.io-index"
checksum = "d5f38f16d184e36f2408a55281cd658ecbd3ca05cce6d6510a176eca393e26d1"
dependencies = [
 "bytes",
 "http",
 "pin-project-lite",
]

[[package]]
name = "http-range-header"
version = "0.3.1"
source = "registry+https://github.com/rust-lang/crates.io-index"
checksum = "add0ab9360ddbd88cfeb3bd9574a1d85cfdfa14db10b3e21d3700dbc4328758f"

[[package]]
name = "http-serde"
version = "1.1.3"
source = "registry+https://github.com/rust-lang/crates.io-index"
checksum = "6f560b665ad9f1572cfcaf034f7fb84338a7ce945216d64a90fd81f046a3caee"
dependencies = [
 "http",
 "serde",
]

[[package]]
name = "httparse"
version = "1.8.0"
source = "registry+https://github.com/rust-lang/crates.io-index"
checksum = "d897f394bad6a705d5f4104762e116a75639e470d80901eed05a860a95cb1904"

[[package]]
name = "httpdate"
version = "1.0.3"
source = "registry+https://github.com/rust-lang/crates.io-index"
checksum = "df3b46402a9d5adb4c86a0cf463f42e19994e3ee891101b1841f30a545cb49a9"

[[package]]
name = "hyper"
version = "0.14.27"
source = "registry+https://github.com/rust-lang/crates.io-index"
checksum = "ffb1cfd654a8219eaef89881fdb3bb3b1cdc5fa75ded05d6933b2b382e395468"
dependencies = [
 "bytes",
 "futures-channel",
 "futures-core",
 "futures-util",
 "http",
 "http-body",
 "httparse",
 "httpdate",
 "itoa",
 "pin-project-lite",
 "socket2 0.4.9",
 "tokio",
 "tower-service",
 "tracing",
 "want",
]

[[package]]
name = "idna"
version = "0.4.0"
source = "registry+https://github.com/rust-lang/crates.io-index"
checksum = "7d20d6b07bfbc108882d88ed8e37d39636dcc260e15e30c45e6ba089610b917c"
dependencies = [
 "unicode-bidi",
 "unicode-normalization",
]

[[package]]
name = "itoa"
version = "1.0.9"
source = "registry+https://github.com/rust-lang/crates.io-index"
checksum = "af150ab688ff2122fcef229be89cb50dd66af9e01a4ff320cc137eecc9bacc38"

[[package]]
name = "lambda_http"
version = "0.7.3"
source = "registry+https://github.com/rust-lang/crates.io-index"
checksum = "16fd842ce9fc6908f1688030cf8b6841e2009bd874eb21244f124570ac06264f"
dependencies = [
 "aws_lambda_events",
 "base64 0.13.1",
 "bytes",
 "encoding_rs",
 "http",
 "http-body",
 "hyper",
 "lambda_runtime",
 "mime",
 "percent-encoding",
 "serde",
 "serde_json",
 "serde_urlencoded",
 "url",
]

[[package]]
name = "lambda_runtime"
version = "0.7.3"
source = "registry+https://github.com/rust-lang/crates.io-index"
checksum = "bd32d5799db2155ae4d47116bb3e169b59f531ced4d5762a10c2125bdd2bf134"
dependencies = [
 "async-stream",
 "bytes",
 "futures",
 "http",
 "hyper",
 "lambda_runtime_api_client",
 "serde",
 "serde_json",
 "tokio",
 "tokio-stream",
 "tower",
 "tracing",
]

[[package]]
name = "lambda_runtime_api_client"
version = "0.7.0"
source = "registry+https://github.com/rust-lang/crates.io-index"
checksum = "7210012be904051520f0dc502140ba599bae3042b65b3737b87727f1aa88a7d6"
dependencies = [
 "http",
 "hyper",
 "tokio",
 "tower-service",
]

[[package]]
name = "lazy_static"
version = "1.4.0"
source = "registry+https://github.com/rust-lang/crates.io-index"
checksum = "e2abad23fbc42b3700f2f279844dc832adb2b2eb069b2df918f455c4e18cc646"

[[package]]
name = "libc"
version = "0.2.147"
source = "registry+https://github.com/rust-lang/crates.io-index"
checksum = "b4668fb0ea861c1df094127ac5f1da3409a82116a4ba74fca2e58ef927159bb3"

[[package]]
name = "libsqlite3-sys"
version = "0.26.0"
source = "registry+https://github.com/rust-lang/crates.io-index"
checksum = "afc22eff61b133b115c6e8c74e818c628d6d5e7a502afea6f64dee076dd94326"
dependencies = [
 "cc",
 "pkg-config",
 "vcpkg",
]

[[package]]
name = "log"
version = "0.4.20"
source = "registry+https://github.com/rust-lang/crates.io-index"
checksum = "b5e6163cb8c49088c2c36f57875e58ccd8c87c7427f7fbd50ea6710b2f3f2e8f"

[[package]]
name = "maud"
version = "0.25.0"
source = "registry+https://github.com/rust-lang/crates.io-index"
checksum = "b0bab19cef8a7fe1c18a43e881793bfc9d4ea984befec3ae5bd0415abf3ecf00"
dependencies = [
 "itoa",
 "maud_macros",
]

[[package]]
name = "maud_macros"
version = "0.25.0"
source = "registry+https://github.com/rust-lang/crates.io-index"
checksum = "0be95d66c3024ffce639216058e5bae17a83ecaf266ffc6e4d060ad447c9eed2"
dependencies = [
 "proc-macro-error",
 "proc-macro2",
 "quote",
 "syn 1.0.109",
]

[[package]]
name = "memchr"
version = "2.6.3"
source = "registry+https://github.com/rust-lang/crates.io-index"
checksum = "8f232d6ef707e1956a43342693d2a31e72989554d58299d7a88738cc95b0d35c"

[[package]]
name = "mime"
version = "0.3.17"
source = "registry+https://github.com/rust-lang/crates.io-index"
checksum = "6877bb514081ee2a7ff5ef9de3281f14a4dd4bceac4c09388074a6b5df8a139a"

[[package]]
name = "miniz_oxide"
version = "0.7.1"
source = "registry+https://github.com/rust-lang/crates.io-index"
checksum = "e7810e0be55b428ada41041c41f32c9f1a42817901b4ccf45fa3d4b6561e74c7"
dependencies = [
 "adler",
]

[[package]]
name = "mio"
version = "0.8.8"
source = "registry+https://github.com/rust-lang/crates.io-index"
checksum = "927a765cd3fc26206e66b296465fa9d3e5ab003e651c1b3c060e7956d96b19d2"
dependencies = [
 "libc",
 "wasi",
 "windows-sys",
]

[[package]]
name = "my-vercel-api"
version = "0.1.0"
dependencies = [
 "maud",
 "paginate",
 "rusqlite",
 "serde",
 "serde_qs",
 "strum",
 "strum_macros",
 "sublime_fuzzy",
 "tokio",
 "vercel_runtime",
]

[[package]]
name = "num-traits"
version = "0.2.16"
source = "registry+https://github.com/rust-lang/crates.io-index"
checksum = "f30b0abd723be7e2ffca1272140fac1a2f084c77ec3e123c192b66af1ee9e6c2"
dependencies = [
 "autocfg",
]

[[package]]
name = "num_cpus"
version = "1.16.0"
source = "registry+https://github.com/rust-lang/crates.io-index"
checksum = "4161fcb6d602d4d2081af7c3a45852d875a03dd337a6bfdd6e06407b61342a43"
dependencies = [
 "hermit-abi",
 "libc",
]

[[package]]
name = "object"
version = "0.32.1"
source = "registry+https://github.com/rust-lang/crates.io-index"
checksum = "9cf5f9dd3933bd50a9e1f149ec995f39ae2c496d31fd772c1fd45ebc27e902b0"
dependencies = [
 "memchr",
]

[[package]]
name = "once_cell"
version = "1.18.0"
source = "registry+https://github.com/rust-lang/crates.io-index"
checksum = "dd8b5dd2ae5ed71462c540258bedcb51965123ad7e7ccf4b9a8cafaa4a63576d"

[[package]]
name = "paginate"
version = "1.1.11"
source = "registry+https://github.com/rust-lang/crates.io-index"
checksum = "5ac1db209d9d6dc8e4435b744ed76198494406cd20eb8ca14baf9828664664c8"

[[package]]
name = "percent-encoding"
version = "2.3.0"
source = "registry+https://github.com/rust-lang/crates.io-index"
checksum = "9b2a4787296e9989611394c33f193f676704af1686e70b8f8033ab5ba9a35a94"

[[package]]
name = "pin-project"
version = "1.1.3"
source = "registry+https://github.com/rust-lang/crates.io-index"
checksum = "fda4ed1c6c173e3fc7a83629421152e01d7b1f9b7f65fb301e490e8cfc656422"
dependencies = [
 "pin-project-internal",
]

[[package]]
name = "pin-project-internal"
version = "1.1.3"
source = "registry+https://github.com/rust-lang/crates.io-index"
checksum = "4359fd9c9171ec6e8c62926d6faaf553a8dc3f64e1507e76da7911b4f6a04405"
dependencies = [
 "proc-macro2",
 "quote",
 "syn 2.0.31",
]

[[package]]
name = "pin-project-lite"
version = "0.2.13"
source = "registry+https://github.com/rust-lang/crates.io-index"
checksum = "8afb450f006bf6385ca15ef45d71d2288452bc3683ce2e2cacc0d18e4be60b58"

[[package]]
name = "pin-utils"
version = "0.1.0"
source = "registry+https://github.com/rust-lang/crates.io-index"
checksum = "8b870d8c151b6f2fb93e84a13146138f05d02ed11c7e7c54f8826aaaf7c9f184"

[[package]]
name = "pkg-config"
version = "0.3.27"
source = "registry+https://github.com/rust-lang/crates.io-index"
checksum = "26072860ba924cbfa98ea39c8c19b4dd6a4a25423dbdf219c1eca91aa0cf6964"

[[package]]
name = "proc-macro-error"
version = "1.0.4"
source = "registry+https://github.com/rust-lang/crates.io-index"
checksum = "da25490ff9892aab3fcf7c36f08cfb902dd3e71ca0f9f9517bea02a73a5ce38c"
dependencies = [
 "proc-macro-error-attr",
 "proc-macro2",
 "quote",
 "syn 1.0.109",
 "version_check",
]

[[package]]
name = "proc-macro-error-attr"
version = "1.0.4"
source = "registry+https://github.com/rust-lang/crates.io-index"
checksum = "a1be40180e52ecc98ad80b184934baf3d0d29f979574e439af5a55274b35f869"
dependencies = [
 "proc-macro2",
 "quote",
 "version_check",
]

[[package]]
name = "proc-macro2"
version = "1.0.66"
source = "registry+https://github.com/rust-lang/crates.io-index"
checksum = "18fb31db3f9bddb2ea821cde30a9f70117e3f119938b5ee630b7403aa6e2ead9"
dependencies = [
 "unicode-ident",
]

[[package]]
name = "query_map"
version = "0.6.0"
source = "registry+https://github.com/rust-lang/crates.io-index"
checksum = "4465aacac3bebc9484cf7a56dc8b2d7feacb657da6002a9198b4f7af4247a204"
dependencies = [
 "form_urlencoded",
 "serde",
 "serde_derive",
]

[[package]]
name = "quote"
version = "1.0.33"
source = "registry+https://github.com/rust-lang/crates.io-index"
checksum = "5267fca4496028628a95160fc423a33e8b2e6af8a5302579e322e4b520293cae"
dependencies = [
 "proc-macro2",
]

[[package]]
name = "regex"
version = "1.9.5"
source = "registry+https://github.com/rust-lang/crates.io-index"
checksum = "697061221ea1b4a94a624f67d0ae2bfe4e22b8a17b6a192afb11046542cc8c47"
dependencies = [
 "aho-corasick",
 "memchr",
 "regex-automata",
 "regex-syntax",
]

[[package]]
name = "regex-automata"
version = "0.3.8"
source = "registry+https://github.com/rust-lang/crates.io-index"
checksum = "c2f401f4955220693b56f8ec66ee9c78abffd8d1c4f23dc41a23839eb88f0795"
dependencies = [
 "aho-corasick",
 "memchr",
 "regex-syntax",
]

[[package]]
name = "regex-syntax"
version = "0.7.5"
source = "registry+https://github.com/rust-lang/crates.io-index"
checksum = "dbb5fb1acd8a1a18b3dd5be62d25485eb770e05afb408a9627d14d451bae12da"

[[package]]
name = "rusqlite"
version = "0.29.0"
source = "registry+https://github.com/rust-lang/crates.io-index"
checksum = "549b9d036d571d42e6e85d1c1425e2ac83491075078ca9a15be021c56b1641f2"
dependencies = [
 "bitflags",
 "fallible-iterator",
 "fallible-streaming-iterator",
 "hashlink",
 "libsqlite3-sys",
 "smallvec",
]

[[package]]
name = "rustc-demangle"
version = "0.1.23"
source = "registry+https://github.com/rust-lang/crates.io-index"
checksum = "d626bb9dae77e28219937af045c257c28bfd3f69333c512553507f5f9798cb76"

[[package]]
name = "rustversion"
version = "1.0.14"
source = "registry+https://github.com/rust-lang/crates.io-index"
checksum = "7ffc183a10b4478d04cbbbfc96d0873219d962dd5accaff2ffbd4ceb7df837f4"

[[package]]
name = "ryu"
version = "1.0.15"
source = "registry+https://github.com/rust-lang/crates.io-index"
checksum = "1ad4cc8da4ef723ed60bced201181d83791ad433213d8c24efffda1eec85d741"

[[package]]
name = "serde"
version = "1.0.188"
source = "registry+https://github.com/rust-lang/crates.io-index"
checksum = "cf9e0fcba69a370eed61bcf2b728575f726b50b55cba78064753d708ddc7549e"
dependencies = [
 "serde_derive",
]

[[package]]
name = "serde_derive"
version = "1.0.188"
source = "registry+https://github.com/rust-lang/crates.io-index"
checksum = "4eca7ac642d82aa35b60049a6eccb4be6be75e599bd2e9adb5f875a737654af2"
dependencies = [
 "proc-macro2",
 "quote",
 "syn 2.0.31",
]

[[package]]
name = "serde_json"
version = "1.0.105"
source = "registry+https://github.com/rust-lang/crates.io-index"
checksum = "693151e1ac27563d6dbcec9dee9fbd5da8539b20fa14ad3752b2e6d363ace360"
dependencies = [
 "itoa",
 "ryu",
 "serde",
]

[[package]]
name = "serde_qs"
version = "0.12.0"
source = "registry+https://github.com/rust-lang/crates.io-index"
checksum = "0431a35568651e363364210c91983c1da5eb29404d9f0928b67d4ebcfa7d330c"
dependencies = [
 "percent-encoding",
 "serde",
 "thiserror",
]

[[package]]
name = "serde_urlencoded"
version = "0.7.1"
source = "registry+https://github.com/rust-lang/crates.io-index"
checksum = "d3491c14715ca2294c4d6a88f15e84739788c1d030eed8c110436aafdaa2f3fd"
dependencies = [
 "form_urlencoded",
 "itoa",
 "ryu",
 "serde",
]

[[package]]
name = "sharded-slab"
version = "0.1.4"
source = "registry+https://github.com/rust-lang/crates.io-index"
checksum = "900fba806f70c630b0a382d0d825e17a0f19fcd059a2ade1ff237bcddf446b31"
dependencies = [
 "lazy_static",
]

[[package]]
name = "slab"
version = "0.4.9"
source = "registry+https://github.com/rust-lang/crates.io-index"
checksum = "8f92a496fb766b417c996b9c5e57daf2f7ad3b0bebe1ccfca4856390e3d3bb67"
dependencies = [
 "autocfg",
]

[[package]]
name = "smallvec"
version = "1.11.0"
source = "registry+https://github.com/rust-lang/crates.io-index"
checksum = "62bb4feee49fdd9f707ef802e22365a35de4b7b299de4763d44bfea899442ff9"

[[package]]
name = "socket2"
version = "0.4.9"
source = "registry+https://github.com/rust-lang/crates.io-index"
checksum = "64a4a911eed85daf18834cfaa86a79b7d266ff93ff5ba14005426219480ed662"
dependencies = [
 "libc",
 "winapi",
]

[[package]]
name = "socket2"
version = "0.5.3"
source = "registry+https://github.com/rust-lang/crates.io-index"
checksum = "2538b18701741680e0322a2302176d3253a35388e2e62f172f64f4f16605f877"
dependencies = [
 "libc",
 "windows-sys",
]

[[package]]
name = "strum"
version = "0.25.0"
source = "registry+https://github.com/rust-lang/crates.io-index"
checksum = "290d54ea6f91c969195bdbcd7442c8c2a2ba87da8bf60a7ee86a235d4bc1e125"

[[package]]
name = "strum_macros"
version = "0.25.2"
source = "registry+https://github.com/rust-lang/crates.io-index"
checksum = "ad8d03b598d3d0fff69bf533ee3ef19b8eeb342729596df84bcc7e1f96ec4059"
dependencies = [
 "heck",
 "proc-macro2",
 "quote",
 "rustversion",
 "syn 2.0.31",
]

[[package]]
name = "sublime_fuzzy"
version = "0.7.0"
source = "registry+https://github.com/rust-lang/crates.io-index"
checksum = "fa7986063f7c0ab374407e586d7048a3d5aac94f103f751088bf398e07cd5400"

[[package]]
name = "syn"
version = "1.0.109"
source = "registry+https://github.com/rust-lang/crates.io-index"
checksum = "72b64191b275b66ffe2469e8af2c1cfe3bafa67b529ead792a6d0160888b4237"
dependencies = [
 "proc-macro2",
 "quote",
 "unicode-ident",
]

[[package]]
name = "syn"
version = "2.0.31"
source = "registry+https://github.com/rust-lang/crates.io-index"
checksum = "718fa2415bcb8d8bd775917a1bf12a7931b6dfa890753378538118181e0cb398"
dependencies = [
 "proc-macro2",
 "quote",
 "unicode-ident",
]

[[package]]
name = "thiserror"
version = "1.0.48"
source = "registry+https://github.com/rust-lang/crates.io-index"
checksum = "9d6d7a740b8a666a7e828dd00da9c0dc290dff53154ea77ac109281de90589b7"
dependencies = [
 "thiserror-impl",
]

[[package]]
name = "thiserror-impl"
version = "1.0.48"
source = "registry+https://github.com/rust-lang/crates.io-index"
checksum = "49922ecae66cc8a249b77e68d1d0623c1b2c514f0060c27cdc68bd62a1219d35"
dependencies = [
 "proc-macro2",
 "quote",
 "syn 2.0.31",
]

[[package]]
name = "thread_local"
version = "1.1.7"
source = "registry+https://github.com/rust-lang/crates.io-index"
checksum = "3fdd6f064ccff2d6567adcb3873ca630700f00b5ad3f060c25b5dcfd9a4ce152"
dependencies = [
 "cfg-if",
 "once_cell",
]

[[package]]
name = "tinyvec"
version = "1.6.0"
source = "registry+https://github.com/rust-lang/crates.io-index"
checksum = "87cc5ceb3875bb20c2890005a4e226a4651264a5c75edb2421b52861a0a0cb50"
dependencies = [
 "tinyvec_macros",
]

[[package]]
name = "tinyvec_macros"
version = "0.1.1"
source = "registry+https://github.com/rust-lang/crates.io-index"
checksum = "1f3ccbac311fea05f86f61904b462b55fb3df8837a366dfc601a0161d0532f20"

[[package]]
name = "tokio"
version = "1.32.0"
source = "registry+https://github.com/rust-lang/crates.io-index"
checksum = "17ed6077ed6cd6c74735e21f37eb16dc3935f96878b1fe961074089cc80893f9"
dependencies = [
 "backtrace",
 "bytes",
 "libc",
 "mio",
 "num_cpus",
 "pin-project-lite",
 "socket2 0.5.3",
 "tokio-macros",
 "windows-sys",
]

[[package]]
name = "tokio-macros"
version = "2.1.0"
source = "registry+https://github.com/rust-lang/crates.io-index"
checksum = "630bdcf245f78637c13ec01ffae6187cca34625e8c63150d424b59e55af2675e"
dependencies = [
 "proc-macro2",
 "quote",
 "syn 2.0.31",
]

[[package]]
name = "tokio-stream"
version = "0.1.14"
source = "registry+https://github.com/rust-lang/crates.io-index"
checksum = "397c988d37662c7dda6d2208364a706264bf3d6138b11d436cbac0ad38832842"
dependencies = [
 "futures-core",
 "pin-project-lite",
 "tokio",
]

[[package]]
name = "tower"
version = "0.4.13"
source = "registry+https://github.com/rust-lang/crates.io-index"
checksum = "b8fa9be0de6cf49e536ce1851f987bd21a43b771b09473c3549a6c853db37c1c"
dependencies = [
 "futures-core",
 "futures-util",
 "pin-project",
 "pin-project-lite",
 "tower-layer",
 "tower-service",
 "tracing",
]

[[package]]
name = "tower-http"
version = "0.4.4"
source = "registry+https://github.com/rust-lang/crates.io-index"
checksum = "61c5bb1d698276a2443e5ecfabc1008bf15a36c12e6a7176e7bf089ea9131140"
dependencies = [
 "bitflags",
 "bytes",
 "futures-core",
 "futures-util",
 "http",
 "http-body",
 "http-range-header",
 "pin-project-lite",
 "tower-layer",
 "tower-service",
]

[[package]]
name = "tower-layer"
version = "0.3.2"
source = "registry+https://github.com/rust-lang/crates.io-index"
checksum = "c20c8dbed6283a09604c3e69b4b7eeb54e298b8a600d4d5ecb5ad39de609f1d0"

[[package]]
name = "tower-service"
version = "0.3.2"
source = "registry+https://github.com/rust-lang/crates.io-index"
checksum = "b6bc1c9ce2b5135ac7f93c72918fc37feb872bdc6a5533a8b85eb4b86bfdae52"

[[package]]
name = "tracing"
version = "0.1.37"
source = "registry+https://github.com/rust-lang/crates.io-index"
checksum = "8ce8c33a8d48bd45d624a6e523445fd21ec13d3653cd51f681abf67418f54eb8"
dependencies = [
 "cfg-if",
 "log",
 "pin-project-lite",
 "tracing-attributes",
 "tracing-core",
]

[[package]]
name = "tracing-attributes"
version = "0.1.26"
source = "registry+https://github.com/rust-lang/crates.io-index"
checksum = "5f4f31f56159e98206da9efd823404b79b6ef3143b4a7ab76e67b1751b25a4ab"
dependencies = [
 "proc-macro2",
 "quote",
 "syn 2.0.31",
]

[[package]]
name = "tracing-core"
version = "0.1.31"
source = "registry+https://github.com/rust-lang/crates.io-index"
checksum = "0955b8137a1df6f1a2e9a37d8a6656291ff0297c1a97c24e0d8425fe2312f79a"
dependencies = [
 "once_cell",
]

[[package]]
name = "tracing-subscriber"
version = "0.3.17"
source = "registry+https://github.com/rust-lang/crates.io-index"
checksum = "30a651bc37f915e81f087d86e62a18eec5f79550c7faff886f7090b4ea757c77"
dependencies = [
 "sharded-slab",
 "thread_local",
 "tracing-core",
]

[[package]]
name = "try-lock"
version = "0.2.4"
source = "registry+https://github.com/rust-lang/crates.io-index"
checksum = "3528ecfd12c466c6f163363caf2d02a71161dd5e1cc6ae7b34207ea2d42d81ed"

[[package]]
name = "unicode-bidi"
version = "0.3.13"
source = "registry+https://github.com/rust-lang/crates.io-index"
checksum = "92888ba5573ff080736b3648696b70cafad7d250551175acbaa4e0385b3e1460"

[[package]]
name = "unicode-ident"
version = "1.0.11"
source = "registry+https://github.com/rust-lang/crates.io-index"
checksum = "301abaae475aa91687eb82514b328ab47a211a533026cb25fc3e519b86adfc3c"

[[package]]
name = "unicode-normalization"
version = "0.1.22"
source = "registry+https://github.com/rust-lang/crates.io-index"
checksum = "5c5713f0fc4b5db668a2ac63cdb7bb4469d8c9fed047b1d0292cc7b0ce2ba921"
dependencies = [
 "tinyvec",
]

[[package]]
name = "url"
version = "2.4.1"
source = "registry+https://github.com/rust-lang/crates.io-index"
checksum = "143b538f18257fac9cad154828a57c6bf5157e1aa604d4816b5995bf6de87ae5"
dependencies = [
 "form_urlencoded",
 "idna",
 "percent-encoding",
]

[[package]]
name = "vcpkg"
version = "0.2.15"
source = "registry+https://github.com/rust-lang/crates.io-index"
checksum = "accd4ea62f7bb7a82fe23066fb0957d48ef677f6eeb8215f372f52e48bb32426"

[[package]]
name = "vercel_runtime"
version = "1.0.2"
source = "registry+https://github.com/rust-lang/crates.io-index"
checksum = "ef52f9a3a27969627d798b16ab04e9775eee6b03cf88bf24664b93fbfded6734"
dependencies = [
 "async-trait",
 "base64 0.21.3",
 "bytes",
 "lambda_http",
 "lambda_runtime",
 "serde",
 "serde_derive",
 "serde_json",
 "tokio",
 "tower-http",
 "tower-service",
 "tracing",
 "tracing-subscriber",
 "vercel_runtime_macro",
 "vercel_runtime_router",
]

[[package]]
name = "vercel_runtime_macro"
version = "1.0.2"
source = "registry+https://github.com/rust-lang/crates.io-index"
checksum = "63fd2a40c79c2c7bb6f63f0c87eb5530a2735d46dfaa1a4763dfb71c901c4325"
dependencies = [
 "glob",
 "quote",
 "syn 1.0.109",
 "vercel_runtime_router",
]

[[package]]
name = "vercel_runtime_router"
version = "1.0.2"
source = "registry+https://github.com/rust-lang/crates.io-index"
checksum = "b54f48eff9eaa295885b92c1cf1e60e70650c49556ef4a85e0c76210b73a26cc"
dependencies = [
 "glob",
 "lazy_static",
 "quote",
 "regex",
 "syn 1.0.109",
]

[[package]]
name = "version_check"
version = "0.9.4"
source = "registry+https://github.com/rust-lang/crates.io-index"
checksum = "49874b5167b65d7193b8aba1567f5c7d93d001cafc34600cee003eda787e483f"

[[package]]
name = "want"
version = "0.3.1"
source = "registry+https://github.com/rust-lang/crates.io-index"
checksum = "bfa7760aed19e106de2c7c0b581b509f2f25d3dacaf737cb82ac61bc6d760b0e"
dependencies = [
 "try-lock",
]

[[package]]
name = "wasi"
version = "0.11.0+wasi-snapshot-preview1"
source = "registry+https://github.com/rust-lang/crates.io-index"
checksum = "9c8d87e72b64a3b4db28d11ce29237c246188f4f51057d65a7eab63b7987e423"

[[package]]
name = "winapi"
version = "0.3.9"
source = "registry+https://github.com/rust-lang/crates.io-index"
checksum = "5c839a674fcd7a98952e593242ea400abe93992746761e38641405d28b00f419"
dependencies = [
 "winapi-i686-pc-windows-gnu",
 "winapi-x86_64-pc-windows-gnu",
]

[[package]]
name = "winapi-i686-pc-windows-gnu"
version = "0.4.0"
source = "registry+https://github.com/rust-lang/crates.io-index"
checksum = "ac3b87c63620426dd9b991e5ce0329eff545bccbbb34f3be09ff6fb6ab51b7b6"

[[package]]
name = "winapi-x86_64-pc-windows-gnu"
version = "0.4.0"
source = "registry+https://github.com/rust-lang/crates.io-index"
checksum = "712e227841d057c1ee1cd2fb22fa7e5a5461ae8e48fa2ca79ec42cfc1931183f"

[[package]]
name = "windows-sys"
version = "0.48.0"
source = "registry+https://github.com/rust-lang/crates.io-index"
checksum = "677d2418bec65e3338edb076e806bc1ec15693c5d0104683f2efe857f61056a9"
dependencies = [
 "windows-targets",
]

[[package]]
name = "windows-targets"
version = "0.48.5"
source = "registry+https://github.com/rust-lang/crates.io-index"
checksum = "9a2fa6e2155d7247be68c096456083145c183cbbbc2764150dda45a87197940c"
dependencies = [
 "windows_aarch64_gnullvm",
 "windows_aarch64_msvc",
 "windows_i686_gnu",
 "windows_i686_msvc",
 "windows_x86_64_gnu",
 "windows_x86_64_gnullvm",
 "windows_x86_64_msvc",
]

[[package]]
name = "windows_aarch64_gnullvm"
version = "0.48.5"
source = "registry+https://github.com/rust-lang/crates.io-index"
checksum = "2b38e32f0abccf9987a4e3079dfb67dcd799fb61361e53e2882c3cbaf0d905d8"

[[package]]
name = "windows_aarch64_msvc"
version = "0.48.5"
source = "registry+https://github.com/rust-lang/crates.io-index"
checksum = "dc35310971f3b2dbbf3f0690a219f40e2d9afcf64f9ab7cc1be722937c26b4bc"

[[package]]
name = "windows_i686_gnu"
version = "0.48.5"
source = "registry+https://github.com/rust-lang/crates.io-index"
checksum = "a75915e7def60c94dcef72200b9a8e58e5091744960da64ec734a6c6e9b3743e"

[[package]]
name = "windows_i686_msvc"
version = "0.48.5"
source = "registry+https://github.com/rust-lang/crates.io-index"
checksum = "8f55c233f70c4b27f66c523580f78f1004e8b5a8b659e05a4eb49d4166cca406"

[[package]]
name = "windows_x86_64_gnu"
version = "0.48.5"
source = "registry+https://github.com/rust-lang/crates.io-index"
checksum = "53d40abd2583d23e4718fddf1ebec84dbff8381c07cae67ff7768bbf19c6718e"

[[package]]
name = "windows_x86_64_gnullvm"
version = "0.48.5"
source = "registry+https://github.com/rust-lang/crates.io-index"
checksum = "0b7b52767868a23d5bab768e390dc5f5c55825b6d30b86c844ff2dc7414044cc"

[[package]]
name = "windows_x86_64_msvc"
version = "0.48.5"
source = "registry+https://github.com/rust-lang/crates.io-index"
checksum = "ed94fce61571a4006852b7389a063ab983c02eb1bb37b47f8272ce92d06d9538"
